
Microsoft Visual Studio Solution File, Format Version 12.00
# Visual Studio Version 17
VisualStudioVersion = 17.10.35013.160
MinimumVisualStudioVersion = 10.0.40219.1
Project("{FAE04EC0-301F-11D3-BF4B-00C04F79EFBC}") = "Luna-Bay-Resort", "Luna-Bay-Resort\Luna-Bay-Resort.csproj", "{C4CC8A29-677A-4689-8B6F-4DF7031EA59E}"
EndProject
Global
	GlobalSection(SolutionConfigurationPlatforms) = preSolution
		Debug|Any CPU = Debug|Any CPU
		Release|Any CPU = Release|Any CPU
	EndGlobalSection
	GlobalSection(ProjectConfigurationPlatforms) = postSolution
		{C4CC8A29-677A-4689-8B6F-4DF7031EA59E}.Debug|Any CPU.ActiveCfg = Debug|Any CPU
		{C4CC8A29-677A-4689-8B6F-4DF7031EA59E}.Debug|Any CPU.Build.0 = Debug|Any CPU
		{C4CC8A29-677A-4689-8B6F-4DF7031EA59E}.Release|Any CPU.ActiveCfg = Release|Any CPU
		{C4CC8A29-677A-4689-8B6F-4DF7031EA59E}.Release|Any CPU.Build.0 = Release|Any CPU
	EndGlobalSection
	GlobalSection(SolutionProperties) = preSolution
		HideSolutionNode = FALSE
	EndGlobalSection
	GlobalSection(ExtensibilityGlobals) = postSolution
		SolutionGuid = {69F6DAB0-2F87-448F-8FD6-2CE4A83767B8}
	EndGlobalSection
EndGlobal
