
Microsoft Visual Studio Solution File, Format Version 12.00
# Visual Studio Version 17
VisualStudioVersion = 17.9.34723.18
MinimumVisualStudioVersion = 10.0.40219.1
Project("{FAE04EC0-301F-11D3-BF4B-00C04F79EFBC}") = "Luna-Bay-Resort-App", "Luna-Bay-Resort-App.csproj", "{56B12051-8E42-41AF-9B27-74DAE0C61064}"
EndProject
Global
	GlobalSection(SolutionConfigurationPlatforms) = preSolution
		Debug|Any CPU = Debug|Any CPU
		Release|Any CPU = Release|Any CPU
	EndGlobalSection
	GlobalSection(ProjectConfigurationPlatforms) = postSolution
		{56B12051-8E42-41AF-9B27-74DAE0C61064}.Debug|Any CPU.ActiveCfg = Debug|Any CPU
		{56B12051-8E42-41AF-9B27-74DAE0C61064}.Debug|Any CPU.Build.0 = Debug|Any CPU
		{56B12051-8E42-41AF-9B27-74DAE0C61064}.Release|Any CPU.ActiveCfg = Release|Any CPU
		{56B12051-8E42-41AF-9B27-74DAE0C61064}.Release|Any CPU.Build.0 = Release|Any CPU
	EndGlobalSection
	GlobalSection(SolutionProperties) = preSolution
		HideSolutionNode = FALSE
	EndGlobalSection
	GlobalSection(ExtensibilityGlobals) = postSolution
		SolutionGuid = {1E4AD225-9BF4-4345-9615-404B0770BADE}
	EndGlobalSection
EndGlobal
